
Microsoft Visual Studio Solution File, Format Version 12.00
# Visual Studio Version 17
VisualStudioVersion = 17.5.33414.496
MinimumVisualStudioVersion = 10.0.40219.1
Project("{9A19103F-16F7-4668-BE54-9A1E7A4F7556}") = "Homework-MovieStore", "Homework-MovieStore\Homework-MovieStore.csproj", "{39726F96-55BF-481B-A562-AA14B6692A52}"
EndProject
Project("{FAE04EC0-301F-11D3-BF4B-00C04F79EFBC}") = "Services.cs", "Services.cs\Services.cs.csproj", "{61E5671E-9869-44AF-8BCE-9D84906BFE1F}"
EndProject
Project("{FAE04EC0-301F-11D3-BF4B-00C04F79EFBC}") = "Helpers.cs", "Helpers.cs\Helpers.cs.csproj", "{93C0CE53-1595-42BC-8154-4EFF1C23377A}"
EndProject
Global
	GlobalSection(SolutionConfigurationPlatforms) = preSolution
		Debug|Any CPU = Debug|Any CPU
		Release|Any CPU = Release|Any CPU
	EndGlobalSection
	GlobalSection(ProjectConfigurationPlatforms) = postSolution
		{39726F96-55BF-481B-A562-AA14B6692A52}.Debug|Any CPU.ActiveCfg = Debug|Any CPU
		{39726F96-55BF-481B-A562-AA14B6692A52}.Debug|Any CPU.Build.0 = Debug|Any CPU
		{39726F96-55BF-481B-A562-AA14B6692A52}.Release|Any CPU.ActiveCfg = Release|Any CPU
		{39726F96-55BF-481B-A562-AA14B6692A52}.Release|Any CPU.Build.0 = Release|Any CPU
		{61E5671E-9869-44AF-8BCE-9D84906BFE1F}.Debug|Any CPU.ActiveCfg = Debug|Any CPU
		{61E5671E-9869-44AF-8BCE-9D84906BFE1F}.Debug|Any CPU.Build.0 = Debug|Any CPU
		{61E5671E-9869-44AF-8BCE-9D84906BFE1F}.Release|Any CPU.ActiveCfg = Release|Any CPU
		{61E5671E-9869-44AF-8BCE-9D84906BFE1F}.Release|Any CPU.Build.0 = Release|Any CPU
		{93C0CE53-1595-42BC-8154-4EFF1C23377A}.Debug|Any CPU.ActiveCfg = Debug|Any CPU
		{93C0CE53-1595-42BC-8154-4EFF1C23377A}.Debug|Any CPU.Build.0 = Debug|Any CPU
		{93C0CE53-1595-42BC-8154-4EFF1C23377A}.Release|Any CPU.ActiveCfg = Release|Any CPU
		{93C0CE53-1595-42BC-8154-4EFF1C23377A}.Release|Any CPU.Build.0 = Release|Any CPU
	EndGlobalSection
	GlobalSection(SolutionProperties) = preSolution
		HideSolutionNode = FALSE
	EndGlobalSection
	GlobalSection(ExtensibilityGlobals) = postSolution
		SolutionGuid = {EBDDE234-DEF4-4CB5-8922-C9037A4EC166}
	EndGlobalSection
EndGlobal
